version = 1
revision = 3
requires-python = ">=3.12"

[[package]]
name = "pdf-extractor"
version = "0.1.0"
source = { virtual = "." }
dependencies = [
    { name = "pypdf" },
]

[package.metadata]
requires-dist = [{ name = "pypdf" }]

[[package]]
name = "pypdf"
version = "6.3.0"
source = { registry = "https://pypi.org/simple" }
sdist = { url = "https://files.pythonhosted.org/packages/42/fd/6b5ff827a5b751a85c1a3a778a0636d1ddbe153fc03954071c431271405c/pypdf-6.3.0.tar.gz", hash = "sha256:d066a2fdf8195e1811ae5a9d5a2f97f5bed0e1e7954297295eadee6357e76c5d", size = 5275038, upload-time = "2025-11-16T14:05:16.37Z" }
wheels = [
    { url = "https://files.pythonhosted.org/packages/d1/26/4ae62da67941784913606da037172d0f14b7ba120442e63a37b257110b2c/pypdf-6.3.0-py3-none-any.whl", hash = "sha256:2d5f9741e851e378908692d571374b3cbd94582fdd1c740fcf7c029ec35ac0e6", size = 328891, upload-time = "2025-11-16T14:05:14.574Z" },
]
